
Microsoft Visual Studio Solution File, Format Version 12.00
# Visual Studio Version 17
VisualStudioVersion = 17.5.002.0
MinimumVisualStudioVersion = 10.0.40219.1
Project("{9A19103F-16F7-4668-BE54-9A1E7A4F7556}") = "ChpFourSolution", "ChpFourSolution.csproj", "{E6F66182-7F05-4174-9902-ED6E319769BF}"
EndProject
Global
	GlobalSection(SolutionConfigurationPlatforms) = preSolution
		Debug|Any CPU = Debug|Any CPU
		Release|Any CPU = Release|Any CPU
	EndGlobalSection
	GlobalSection(ProjectConfigurationPlatforms) = postSolution
		{E6F66182-7F05-4174-9902-ED6E319769BF}.Debug|Any CPU.ActiveCfg = Debug|Any CPU
		{E6F66182-7F05-4174-9902-ED6E319769BF}.Debug|Any CPU.Build.0 = Debug|Any CPU
		{E6F66182-7F05-4174-9902-ED6E319769BF}.Release|Any CPU.ActiveCfg = Release|Any CPU
		{E6F66182-7F05-4174-9902-ED6E319769BF}.Release|Any CPU.Build.0 = Release|Any CPU
	EndGlobalSection
	GlobalSection(SolutionProperties) = preSolution
		HideSolutionNode = FALSE
	EndGlobalSection
	GlobalSection(ExtensibilityGlobals) = postSolution
		SolutionGuid = {97EB3C76-DEA4-46A5-B840-8E6F5BB3D8A5}
	EndGlobalSection
EndGlobal
